
Microsoft Visual Studio Solution File, Format Version 12.00
# Visual Studio Version 16
VisualStudioVersion = 16.0.30114.105
MinimumVisualStudioVersion = 10.0.40219.1
Project("{8BC9CEB8-8B4A-11D0-8D11-00A0C91BC942}") = "12. Conditions and Branches (If Statements)", "12. Conditions and Branches (If Statements)\12. Conditions and Branches (If Statements).vcxproj", "{2FAD9405-E8E9-465C-B2E0-6BA05E4EEFCE}"
EndProject
Project("{8BC9CEB8-8B4A-11D0-8D11-00A0C91BC942}") = "11. Debugging", "11. Debugging\11. Debugging.vcxproj", "{335A67A5-B20B-43A6-89B3-633D9B5B0D8E}"
EndProject
Project("{8BC9CEB8-8B4A-11D0-8D11-00A0C91BC942}") = "Utils", "Utils\Utils.vcxproj", "{F1AF5516-2F4C-4BAE-AF2A-FAE6DCF9B78E}"
EndProject
Project("{8BC9CEB8-8B4A-11D0-8D11-00A0C91BC942}") = "13. Loops and control flow", "13. Loops and control flow\13. Loops and control flow.vcxproj", "{CA3EAED6-5936-431B-AB1A-F017304240FD}"
EndProject
Project("{8BC9CEB8-8B4A-11D0-8D11-00A0C91BC942}") = "14. More control flow actions", "14. More control flow actions\14. More control flow actions.vcxproj", "{5AF67326-664A-4D37-80DA-66AB61A07827}"
EndProject
Project("{8BC9CEB8-8B4A-11D0-8D11-00A0C91BC942}") = "15. Pointers", "15. Pointers\15. Pointers.vcxproj", "{A5226361-8285-42F7-BE14-318266D4B490}"
EndProject
Project("{8BC9CEB8-8B4A-11D0-8D11-00A0C91BC942}") = "16. References", "16. References\16. References.vcxproj", "{5CD8A6AB-2BDE-43DA-84FB-9F176AC3BA52}"
EndProject
Project("{8BC9CEB8-8B4A-11D0-8D11-00A0C91BC942}") = "17. Classes", "17. Classes\17. Classes.vcxproj", "{60DB4B27-231D-4385-8417-8052919DD88B}"
EndProject
Project("{8BC9CEB8-8B4A-11D0-8D11-00A0C91BC942}") = "18. Classes vs. Structs", "18. Classes vs. Structs\18. Classes vs. Structs.vcxproj", "{A1631406-3BB1-4B02-B0CE-11589284962B}"
EndProject
Project("{8BC9CEB8-8B4A-11D0-8D11-00A0C91BC942}") = "19. Classes example", "19. Classes example\19. Classes example.vcxproj", "{5C684109-1265-4A2A-A47C-8792AB282C0F}"
EndProject
Project("{8BC9CEB8-8B4A-11D0-8D11-00A0C91BC942}") = "20. Static", "20. Static\20. Static.vcxproj", "{CF04E411-84A0-49A8-B620-2195EC0EE965}"
EndProject
Project("{8BC9CEB8-8B4A-11D0-8D11-00A0C91BC942}") = "21. Static in Classes", "21. Static in Classes\21. Static in Classes.vcxproj", "{5663451E-C9C3-4529-9191-A26241A2C84F}"
EndProject
Project("{8BC9CEB8-8B4A-11D0-8D11-00A0C91BC942}") = "22. Local Static", "22. Local Static\22. Local Static.vcxproj", "{86F912DC-974B-4AD9-B875-07014C44FF60}"
EndProject
Project("{8BC9CEB8-8B4A-11D0-8D11-00A0C91BC942}") = "23. Enums", "23. Enums\23. Enums.vcxproj", "{ECDA87FB-37E9-4F22-8093-258E503FCDE2}"
EndProject
Project("{8BC9CEB8-8B4A-11D0-8D11-00A0C91BC942}") = "24 + 5. Constructors and Destructors", "24. Constructors\24. Constructors.vcxproj", "{56E32167-2C8B-4660-85DD-CEF4541BA841}"
EndProject
Project("{8BC9CEB8-8B4A-11D0-8D11-00A0C91BC942}") = "26. Inheritence", "26. Inheritence\26. Inheritence.vcxproj", "{C07D0617-E2D2-4FEF-BD75-17E6B088B169}"
EndProject
Project("{8BC9CEB8-8B4A-11D0-8D11-00A0C91BC942}") = "27. Virtual Functions", "27. Virtual Functions\27. Virtual Functions.vcxproj", "{41BBD138-063B-4A61-8EF6-5B8A0FBC252A}"
EndProject
Project("{8BC9CEB8-8B4A-11D0-8D11-00A0C91BC942}") = "28. Pure Virtual Functions", "28. Pure Virtual Functions\28. Pure Virtual Functions.vcxproj", "{767BCF82-0F31-4303-9A3D-DCA16B1C292B}"
EndProject
Project("{8BC9CEB8-8B4A-11D0-8D11-00A0C91BC942}") = "29. Visibility", "29. Visibility\29. Visibility.vcxproj", "{DD0090C5-27C7-4310-97D2-DBAA1BEDA0E1}"
EndProject
Project("{8BC9CEB8-8B4A-11D0-8D11-00A0C91BC942}") = "30. Arrays", "30. Arrays\30. Arrays.vcxproj", "{956C6D03-1DB4-479C-B5E6-A08A5DC0BE60}"
EndProject
Project("{8BC9CEB8-8B4A-11D0-8D11-00A0C91BC942}") = "31. Strings", "31. Strings\31. Strings.vcxproj", "{0853543B-9C9E-4F55-929C-4922E9E998C7}"
EndProject
Project("{8BC9CEB8-8B4A-11D0-8D11-00A0C91BC942}") = "32. String Literals", "32. String Literals\32. String Literals.vcxproj", "{16F9DF68-9972-4064-84AA-AD731FA91DD6}"
EndProject
Project("{8BC9CEB8-8B4A-11D0-8D11-00A0C91BC942}") = "33. Const", "33. Const\33. Const.vcxproj", "{8D5E915C-950B-4A8F-B062-C61B9B1AD540}"
EndProject
Project("{8BC9CEB8-8B4A-11D0-8D11-00A0C91BC942}") = "34. Mutable", "34. Mutable\34. Mutable.vcxproj", "{D289DE4F-5B44-433A-B424-F408E14EF992}"
EndProject
Project("{8BC9CEB8-8B4A-11D0-8D11-00A0C91BC942}") = "35. Constructor Member Initializer List", "35. Constructor Member Initializer List\35. Constructor Member Initializer List.vcxproj", "{B9C0C2E1-A8C3-491F-8259-A169346E77A5}"
EndProject
Project("{8BC9CEB8-8B4A-11D0-8D11-00A0C91BC942}") = "36. Ternary Operators", "36. Ternary Operators\36. Ternary Operators.vcxproj", "{FB9BE7A7-C56E-4242-8569-56DE993CB458}"
EndProject
Project("{8BC9CEB8-8B4A-11D0-8D11-00A0C91BC942}") = "37. Instantiate an object", "37. Instantiate an object\37. Instantiate an object.vcxproj", "{83B638C0-7534-432D-BB6A-0063A8434ADE}"
EndProject
Project("{8BC9CEB8-8B4A-11D0-8D11-00A0C91BC942}") = "38. new Keyword", "38. new Keyword\38. new Keyword.vcxproj", "{DB87BF27-37AE-46F4-AEA5-C2B9A507B220}"
EndProject
Project("{8BC9CEB8-8B4A-11D0-8D11-00A0C91BC942}") = "41. Operators and Operator overloading", "41. Operators and Operator overloading\41. Operators and Operator overloading.vcxproj", "{D4B2DD63-CFA9-4B1A-ADEC-654F2F0E11AF}"
EndProject
Project("{8BC9CEB8-8B4A-11D0-8D11-00A0C91BC942}") = "42. this Keyword", "42. this\42. this.vcxproj", "{03AACDA9-34C1-4990-8728-886A2230E9B2}"
EndProject
Project("{8BC9CEB8-8B4A-11D0-8D11-00A0C91BC942}") = "43. Object lifetime", "43. Object lifetime\43. Object lifetime.vcxproj", "{4C872182-952B-4F07-A636-3F9E27E50D93}"
EndProject
Project("{8BC9CEB8-8B4A-11D0-8D11-00A0C91BC942}") = "44. Smart pointers", "44. Smart pointers\44. Smart pointers.vcxproj", "{5164F40F-0975-4BDD-91B5-14A0F14A5B6E}"
EndProject
Project("{8BC9CEB8-8B4A-11D0-8D11-00A0C91BC942}") = "45. Copy and copy constructor", "45. Copy and copy constructor\45. Copy and copy constructor.vcxproj", "{DCDF6E58-E60A-403B-98B6-D6BBE02373E5}"
EndProject
Project("{8BC9CEB8-8B4A-11D0-8D11-00A0C91BC942}") = "46. Arrow operator", "46. Arrow operator\46. Arrow operator.vcxproj", "{77F7AA07-B3AF-4CAD-907F-D004BE5DEF49}"
EndProject
Project("{8BC9CEB8-8B4A-11D0-8D11-00A0C91BC942}") = "47. Vector", "47. Vector\47. Vector.vcxproj", "{8C2AF844-4EE5-4D9B-BCA7-F866C2BA8DF5}"
EndProject
Project("{8BC9CEB8-8B4A-11D0-8D11-00A0C91BC942}") = "48. Vector optimizing", "48. Vector optimizing\48. Vector optimizing.vcxproj", "{53EE606A-F152-4834-B6CD-4A44C7CFB82E}"
EndProject
Project("{8BC9CEB8-8B4A-11D0-8D11-00A0C91BC942}") = "49. Static Linking", "49. Static Linking\49. Static Linking.vcxproj", "{E7A23CA6-83E0-4811-A623-C5CF27851FCF}"
EndProject
Project("{8BC9CEB8-8B4A-11D0-8D11-00A0C91BC942}") = "50. Dynamic Linking", "50. Dynamic Linking\50. Dynamic Linking.vcxproj", "{D1864C3B-52B0-4000-9FF3-EE18215AF0CD}"
EndProject
Project("{8BC9CEB8-8B4A-11D0-8D11-00A0C91BC942}") = "52. Multiple return values", "52. Multiple return values\52. Multiple return values.vcxproj", "{857A9D13-F93F-445F-B6B4-9CA503BAC2E7}"
EndProject
Project("{8BC9CEB8-8B4A-11D0-8D11-00A0C91BC942}") = "53. Templates", "53. Templates\53. Templates.vcxproj", "{154C77F8-7FFD-4138-B229-59FC81888492}"
EndProject
Project("{8BC9CEB8-8B4A-11D0-8D11-00A0C91BC942}") = "54. Stack vs. Heap Memory", "54. Stack vs. Heap Memory\54. Stack vs. Heap Memory.vcxproj", "{E31678C1-42F6-4945-9A91-7924C2602EEF}"
EndProject
Project("{8BC9CEB8-8B4A-11D0-8D11-00A0C91BC942}") = "55. Macro", "55. Macro\55. Macro.vcxproj", "{D7C90F42-CD3C-4A79-A7BE-8D4D81C58F68}"
EndProject
Project("{8BC9CEB8-8B4A-11D0-8D11-00A0C91BC942}") = "56. auto", "56. auto\56. auto.vcxproj", "{D061A91F-C839-4657-ACE2-D6EF8FA16DE6}"
EndProject
Project("{8BC9CEB8-8B4A-11D0-8D11-00A0C91BC942}") = "57. Static Arrays", "57. Static Arrays\57. Static Arrays.vcxproj", "{91A36A62-105D-4CBE-8C19-733C122A52E9}"
EndProject
Project("{8BC9CEB8-8B4A-11D0-8D11-00A0C91BC942}") = "58. Function pointers", "58. Function pointers\58. Function pointers.vcxproj", "{886DBE76-B4C6-40A2-85A3-5AC73701421E}"
EndProject
Project("{8BC9CEB8-8B4A-11D0-8D11-00A0C91BC942}") = "59. Lambdas", "59. Lambdas\59. Lambdas.vcxproj", "{1192EE23-4F56-484E-90D0-7C4CBD91CD75}"
EndProject
Project("{8BC9CEB8-8B4A-11D0-8D11-00A0C91BC942}") = "60. Do not use 'using namespace std'", "60. Do not use 'using namespace std'\60. Do not use 'using namespace std'.vcxproj", "{780ABED9-2FE1-4E8F-B38F-A8BB300906C3}"
EndProject
Project("{8BC9CEB8-8B4A-11D0-8D11-00A0C91BC942}") = "61. Namespaces", "61. Namespaces\61. Namespaces.vcxproj", "{38CB8BB7-30B8-4D62-8497-CFB6A997FAE9}"
EndProject
Project("{8BC9CEB8-8B4A-11D0-8D11-00A0C91BC942}") = "62. Threads", "62. Threads\62. Threads.vcxproj", "{7EC35395-E702-4673-BCE9-E2F07E600AA5}"
EndProject
Project("{8BC9CEB8-8B4A-11D0-8D11-00A0C91BC942}") = "63. Timing", "63. Timing\63. Timing.vcxproj", "{EB13634E-D2FB-4ADA-A2E1-7020025E2DDA}"
EndProject
Project("{8BC9CEB8-8B4A-11D0-8D11-00A0C91BC942}") = "64. Multidimensional Arrays", "64. Multidimensional Arrays\64. Multidimensional Arrays.vcxproj", "{A54E4BE1-FD6E-45C2-B25F-2F772AFEC730}"
EndProject
Project("{8BC9CEB8-8B4A-11D0-8D11-00A0C91BC942}") = "65. Sorting", "65. Sorting\65. Sorting.vcxproj", "{39F504BE-7F13-442A-BE5F-3FE9DABFAF5E}"
EndProject
Project("{8BC9CEB8-8B4A-11D0-8D11-00A0C91BC942}") = "66. Type Punning", "66. Type Punning\66. Type Punning.vcxproj", "{DC689EF5-21F7-4516-9B0E-BFDE27927D1E}"
EndProject
Project("{8BC9CEB8-8B4A-11D0-8D11-00A0C91BC942}") = "67. Union", "67. Union\67. Union.vcxproj", "{C11A15D2-3BEC-4E56-971C-601890718A17}"
EndProject
Project("{8BC9CEB8-8B4A-11D0-8D11-00A0C91BC942}") = "68. Virtual Destructor", "68. Virtual Destructor\68. Virtual Destructor.vcxproj", "{3435EA6A-861B-4D2A-BC79-C9316D365071}"
EndProject
Project("{8BC9CEB8-8B4A-11D0-8D11-00A0C91BC942}") = "69. Casting", "69. Casting\69. Casting.vcxproj", "{872FFEE8-8E90-4E61-986D-4DB3065F7E1E}"
EndProject
Project("{8BC9CEB8-8B4A-11D0-8D11-00A0C91BC942}") = "70. Conditional and Action Breakpoints", "70. Conditional and Action Breakpoints\70. Conditional and Action Breakpoints.vcxproj", "{3BC53615-0B23-4C11-88D9-B9F457DADDA3}"
EndProject
Project("{8BC9CEB8-8B4A-11D0-8D11-00A0C91BC942}") = "71. Safety in modern C++", "71. Safety in modern C++\71. Safety in modern C++.vcxproj", "{6D2A95A4-AAD9-411D-BB86-3F251A64E4BC}"
EndProject
Project("{8BC9CEB8-8B4A-11D0-8D11-00A0C91BC942}") = "72. Precompiled Headers", "72. Precompiled Headers\72. Precompiled Headers.vcxproj", "{415FBEE2-60D4-40DF-87D4-EA54487C2D28}"
EndProject
Global
	GlobalSection(SolutionConfigurationPlatforms) = preSolution
		Debug|x64 = Debug|x64
		Debug|x86 = Debug|x86
		Release|x64 = Release|x64
		Release|x86 = Release|x86
	EndGlobalSection
	GlobalSection(ProjectConfigurationPlatforms) = postSolution
		{2FAD9405-E8E9-465C-B2E0-6BA05E4EEFCE}.Debug|x64.ActiveCfg = Debug|x64
		{2FAD9405-E8E9-465C-B2E0-6BA05E4EEFCE}.Debug|x64.Build.0 = Debug|x64
		{2FAD9405-E8E9-465C-B2E0-6BA05E4EEFCE}.Debug|x86.ActiveCfg = Debug|Win32
		{2FAD9405-E8E9-465C-B2E0-6BA05E4EEFCE}.Debug|x86.Build.0 = Debug|Win32
		{2FAD9405-E8E9-465C-B2E0-6BA05E4EEFCE}.Release|x64.ActiveCfg = Release|x64
		{2FAD9405-E8E9-465C-B2E0-6BA05E4EEFCE}.Release|x64.Build.0 = Release|x64
		{2FAD9405-E8E9-465C-B2E0-6BA05E4EEFCE}.Release|x86.ActiveCfg = Release|Win32
		{2FAD9405-E8E9-465C-B2E0-6BA05E4EEFCE}.Release|x86.Build.0 = Release|Win32
		{335A67A5-B20B-43A6-89B3-633D9B5B0D8E}.Debug|x64.ActiveCfg = Debug|x64
		{335A67A5-B20B-43A6-89B3-633D9B5B0D8E}.Debug|x64.Build.0 = Debug|x64
		{335A67A5-B20B-43A6-89B3-633D9B5B0D8E}.Debug|x86.ActiveCfg = Debug|Win32
		{335A67A5-B20B-43A6-89B3-633D9B5B0D8E}.Debug|x86.Build.0 = Debug|Win32
		{335A67A5-B20B-43A6-89B3-633D9B5B0D8E}.Release|x64.ActiveCfg = Release|x64
		{335A67A5-B20B-43A6-89B3-633D9B5B0D8E}.Release|x64.Build.0 = Release|x64
		{335A67A5-B20B-43A6-89B3-633D9B5B0D8E}.Release|x86.ActiveCfg = Release|Win32
		{335A67A5-B20B-43A6-89B3-633D9B5B0D8E}.Release|x86.Build.0 = Release|Win32
		{F1AF5516-2F4C-4BAE-AF2A-FAE6DCF9B78E}.Debug|x64.ActiveCfg = Debug|x64
		{F1AF5516-2F4C-4BAE-AF2A-FAE6DCF9B78E}.Debug|x64.Build.0 = Debug|x64
		{F1AF5516-2F4C-4BAE-AF2A-FAE6DCF9B78E}.Debug|x86.ActiveCfg = Debug|Win32
		{F1AF5516-2F4C-4BAE-AF2A-FAE6DCF9B78E}.Debug|x86.Build.0 = Debug|Win32
		{F1AF5516-2F4C-4BAE-AF2A-FAE6DCF9B78E}.Release|x64.ActiveCfg = Release|x64
		{F1AF5516-2F4C-4BAE-AF2A-FAE6DCF9B78E}.Release|x64.Build.0 = Release|x64
		{F1AF5516-2F4C-4BAE-AF2A-FAE6DCF9B78E}.Release|x86.ActiveCfg = Release|Win32
		{F1AF5516-2F4C-4BAE-AF2A-FAE6DCF9B78E}.Release|x86.Build.0 = Release|Win32
		{CA3EAED6-5936-431B-AB1A-F017304240FD}.Debug|x64.ActiveCfg = Debug|x64
		{CA3EAED6-5936-431B-AB1A-F017304240FD}.Debug|x64.Build.0 = Debug|x64
		{CA3EAED6-5936-431B-AB1A-F017304240FD}.Debug|x86.ActiveCfg = Debug|Win32
		{CA3EAED6-5936-431B-AB1A-F017304240FD}.Debug|x86.Build.0 = Debug|Win32
		{CA3EAED6-5936-431B-AB1A-F017304240FD}.Release|x64.ActiveCfg = Release|x64
		{CA3EAED6-5936-431B-AB1A-F017304240FD}.Release|x64.Build.0 = Release|x64
		{CA3EAED6-5936-431B-AB1A-F017304240FD}.Release|x86.ActiveCfg = Release|Win32
		{CA3EAED6-5936-431B-AB1A-F017304240FD}.Release|x86.Build.0 = Release|Win32
		{5AF67326-664A-4D37-80DA-66AB61A07827}.Debug|x64.ActiveCfg = Debug|x64
		{5AF67326-664A-4D37-80DA-66AB61A07827}.Debug|x64.Build.0 = Debug|x64
		{5AF67326-664A-4D37-80DA-66AB61A07827}.Debug|x86.ActiveCfg = Debug|Win32
		{5AF67326-664A-4D37-80DA-66AB61A07827}.Debug|x86.Build.0 = Debug|Win32
		{5AF67326-664A-4D37-80DA-66AB61A07827}.Release|x64.ActiveCfg = Release|x64
		{5AF67326-664A-4D37-80DA-66AB61A07827}.Release|x64.Build.0 = Release|x64
		{5AF67326-664A-4D37-80DA-66AB61A07827}.Release|x86.ActiveCfg = Release|Win32
		{5AF67326-664A-4D37-80DA-66AB61A07827}.Release|x86.Build.0 = Release|Win32
		{A5226361-8285-42F7-BE14-318266D4B490}.Debug|x64.ActiveCfg = Debug|x64
		{A5226361-8285-42F7-BE14-318266D4B490}.Debug|x64.Build.0 = Debug|x64
		{A5226361-8285-42F7-BE14-318266D4B490}.Debug|x86.ActiveCfg = Debug|Win32
		{A5226361-8285-42F7-BE14-318266D4B490}.Debug|x86.Build.0 = Debug|Win32
		{A5226361-8285-42F7-BE14-318266D4B490}.Release|x64.ActiveCfg = Release|x64
		{A5226361-8285-42F7-BE14-318266D4B490}.Release|x64.Build.0 = Release|x64
		{A5226361-8285-42F7-BE14-318266D4B490}.Release|x86.ActiveCfg = Release|Win32
		{A5226361-8285-42F7-BE14-318266D4B490}.Release|x86.Build.0 = Release|Win32
		{5CD8A6AB-2BDE-43DA-84FB-9F176AC3BA52}.Debug|x64.ActiveCfg = Debug|x64
		{5CD8A6AB-2BDE-43DA-84FB-9F176AC3BA52}.Debug|x64.Build.0 = Debug|x64
		{5CD8A6AB-2BDE-43DA-84FB-9F176AC3BA52}.Debug|x86.ActiveCfg = Debug|Win32
		{5CD8A6AB-2BDE-43DA-84FB-9F176AC3BA52}.Debug|x86.Build.0 = Debug|Win32
		{5CD8A6AB-2BDE-43DA-84FB-9F176AC3BA52}.Release|x64.ActiveCfg = Release|x64
		{5CD8A6AB-2BDE-43DA-84FB-9F176AC3BA52}.Release|x64.Build.0 = Release|x64
		{5CD8A6AB-2BDE-43DA-84FB-9F176AC3BA52}.Release|x86.ActiveCfg = Release|Win32
		{5CD8A6AB-2BDE-43DA-84FB-9F176AC3BA52}.Release|x86.Build.0 = Release|Win32
		{60DB4B27-231D-4385-8417-8052919DD88B}.Debug|x64.ActiveCfg = Debug|x64
		{60DB4B27-231D-4385-8417-8052919DD88B}.Debug|x64.Build.0 = Debug|x64
		{60DB4B27-231D-4385-8417-8052919DD88B}.Debug|x86.ActiveCfg = Debug|Win32
		{60DB4B27-231D-4385-8417-8052919DD88B}.Debug|x86.Build.0 = Debug|Win32
		{60DB4B27-231D-4385-8417-8052919DD88B}.Release|x64.ActiveCfg = Release|x64
		{60DB4B27-231D-4385-8417-8052919DD88B}.Release|x64.Build.0 = Release|x64
		{60DB4B27-231D-4385-8417-8052919DD88B}.Release|x86.ActiveCfg = Release|Win32
		{60DB4B27-231D-4385-8417-8052919DD88B}.Release|x86.Build.0 = Release|Win32
		{A1631406-3BB1-4B02-B0CE-11589284962B}.Debug|x64.ActiveCfg = Debug|x64
		{A1631406-3BB1-4B02-B0CE-11589284962B}.Debug|x64.Build.0 = Debug|x64
		{A1631406-3BB1-4B02-B0CE-11589284962B}.Debug|x86.ActiveCfg = Debug|Win32
		{A1631406-3BB1-4B02-B0CE-11589284962B}.Debug|x86.Build.0 = Debug|Win32
		{A1631406-3BB1-4B02-B0CE-11589284962B}.Release|x64.ActiveCfg = Release|x64
		{A1631406-3BB1-4B02-B0CE-11589284962B}.Release|x64.Build.0 = Release|x64
		{A1631406-3BB1-4B02-B0CE-11589284962B}.Release|x86.ActiveCfg = Release|Win32
		{A1631406-3BB1-4B02-B0CE-11589284962B}.Release|x86.Build.0 = Release|Win32
		{5C684109-1265-4A2A-A47C-8792AB282C0F}.Debug|x64.ActiveCfg = Debug|x64
		{5C684109-1265-4A2A-A47C-8792AB282C0F}.Debug|x64.Build.0 = Debug|x64
		{5C684109-1265-4A2A-A47C-8792AB282C0F}.Debug|x86.ActiveCfg = Debug|Win32
		{5C684109-1265-4A2A-A47C-8792AB282C0F}.Debug|x86.Build.0 = Debug|Win32
		{5C684109-1265-4A2A-A47C-8792AB282C0F}.Release|x64.ActiveCfg = Release|x64
		{5C684109-1265-4A2A-A47C-8792AB282C0F}.Release|x64.Build.0 = Release|x64
		{5C684109-1265-4A2A-A47C-8792AB282C0F}.Release|x86.ActiveCfg = Release|Win32
		{5C684109-1265-4A2A-A47C-8792AB282C0F}.Release|x86.Build.0 = Release|Win32
		{CF04E411-84A0-49A8-B620-2195EC0EE965}.Debug|x64.ActiveCfg = Debug|x64
		{CF04E411-84A0-49A8-B620-2195EC0EE965}.Debug|x64.Build.0 = Debug|x64
		{CF04E411-84A0-49A8-B620-2195EC0EE965}.Debug|x86.ActiveCfg = Debug|Win32
		{CF04E411-84A0-49A8-B620-2195EC0EE965}.Debug|x86.Build.0 = Debug|Win32
		{CF04E411-84A0-49A8-B620-2195EC0EE965}.Release|x64.ActiveCfg = Release|x64
		{CF04E411-84A0-49A8-B620-2195EC0EE965}.Release|x64.Build.0 = Release|x64
		{CF04E411-84A0-49A8-B620-2195EC0EE965}.Release|x86.ActiveCfg = Release|Win32
		{CF04E411-84A0-49A8-B620-2195EC0EE965}.Release|x86.Build.0 = Release|Win32
		{5663451E-C9C3-4529-9191-A26241A2C84F}.Debug|x64.ActiveCfg = Debug|x64
		{5663451E-C9C3-4529-9191-A26241A2C84F}.Debug|x64.Build.0 = Debug|x64
		{5663451E-C9C3-4529-9191-A26241A2C84F}.Debug|x86.ActiveCfg = Debug|Win32
		{5663451E-C9C3-4529-9191-A26241A2C84F}.Debug|x86.Build.0 = Debug|Win32
		{5663451E-C9C3-4529-9191-A26241A2C84F}.Release|x64.ActiveCfg = Release|x64
		{5663451E-C9C3-4529-9191-A26241A2C84F}.Release|x64.Build.0 = Release|x64
		{5663451E-C9C3-4529-9191-A26241A2C84F}.Release|x86.ActiveCfg = Release|Win32
		{5663451E-C9C3-4529-9191-A26241A2C84F}.Release|x86.Build.0 = Release|Win32
		{86F912DC-974B-4AD9-B875-07014C44FF60}.Debug|x64.ActiveCfg = Debug|x64
		{86F912DC-974B-4AD9-B875-07014C44FF60}.Debug|x64.Build.0 = Debug|x64
		{86F912DC-974B-4AD9-B875-07014C44FF60}.Debug|x86.ActiveCfg = Debug|Win32
		{86F912DC-974B-4AD9-B875-07014C44FF60}.Debug|x86.Build.0 = Debug|Win32
		{86F912DC-974B-4AD9-B875-07014C44FF60}.Release|x64.ActiveCfg = Release|x64
		{86F912DC-974B-4AD9-B875-07014C44FF60}.Release|x64.Build.0 = Release|x64
		{86F912DC-974B-4AD9-B875-07014C44FF60}.Release|x86.ActiveCfg = Release|Win32
		{86F912DC-974B-4AD9-B875-07014C44FF60}.Release|x86.Build.0 = Release|Win32
		{ECDA87FB-37E9-4F22-8093-258E503FCDE2}.Debug|x64.ActiveCfg = Debug|x64
		{ECDA87FB-37E9-4F22-8093-258E503FCDE2}.Debug|x64.Build.0 = Debug|x64
		{ECDA87FB-37E9-4F22-8093-258E503FCDE2}.Debug|x86.ActiveCfg = Debug|Win32
		{ECDA87FB-37E9-4F22-8093-258E503FCDE2}.Debug|x86.Build.0 = Debug|Win32
		{ECDA87FB-37E9-4F22-8093-258E503FCDE2}.Release|x64.ActiveCfg = Release|x64
		{ECDA87FB-37E9-4F22-8093-258E503FCDE2}.Release|x64.Build.0 = Release|x64
		{ECDA87FB-37E9-4F22-8093-258E503FCDE2}.Release|x86.ActiveCfg = Release|Win32
		{ECDA87FB-37E9-4F22-8093-258E503FCDE2}.Release|x86.Build.0 = Release|Win32
		{56E32167-2C8B-4660-85DD-CEF4541BA841}.Debug|x64.ActiveCfg = Debug|x64
		{56E32167-2C8B-4660-85DD-CEF4541BA841}.Debug|x64.Build.0 = Debug|x64
		{56E32167-2C8B-4660-85DD-CEF4541BA841}.Debug|x86.ActiveCfg = Debug|Win32
		{56E32167-2C8B-4660-85DD-CEF4541BA841}.Debug|x86.Build.0 = Debug|Win32
		{56E32167-2C8B-4660-85DD-CEF4541BA841}.Release|x64.ActiveCfg = Release|x64
		{56E32167-2C8B-4660-85DD-CEF4541BA841}.Release|x64.Build.0 = Release|x64
		{56E32167-2C8B-4660-85DD-CEF4541BA841}.Release|x86.ActiveCfg = Release|Win32
		{56E32167-2C8B-4660-85DD-CEF4541BA841}.Release|x86.Build.0 = Release|Win32
		{C07D0617-E2D2-4FEF-BD75-17E6B088B169}.Debug|x64.ActiveCfg = Debug|x64
		{C07D0617-E2D2-4FEF-BD75-17E6B088B169}.Debug|x64.Build.0 = Debug|x64
		{C07D0617-E2D2-4FEF-BD75-17E6B088B169}.Debug|x86.ActiveCfg = Debug|Win32
		{C07D0617-E2D2-4FEF-BD75-17E6B088B169}.Debug|x86.Build.0 = Debug|Win32
		{C07D0617-E2D2-4FEF-BD75-17E6B088B169}.Release|x64.ActiveCfg = Release|x64
		{C07D0617-E2D2-4FEF-BD75-17E6B088B169}.Release|x64.Build.0 = Release|x64
		{C07D0617-E2D2-4FEF-BD75-17E6B088B169}.Release|x86.ActiveCfg = Release|Win32
		{C07D0617-E2D2-4FEF-BD75-17E6B088B169}.Release|x86.Build.0 = Release|Win32
		{41BBD138-063B-4A61-8EF6-5B8A0FBC252A}.Debug|x64.ActiveCfg = Debug|x64
		{41BBD138-063B-4A61-8EF6-5B8A0FBC252A}.Debug|x64.Build.0 = Debug|x64
		{41BBD138-063B-4A61-8EF6-5B8A0FBC252A}.Debug|x86.ActiveCfg = Debug|Win32
		{41BBD138-063B-4A61-8EF6-5B8A0FBC252A}.Debug|x86.Build.0 = Debug|Win32
		{41BBD138-063B-4A61-8EF6-5B8A0FBC252A}.Release|x64.ActiveCfg = Release|x64
		{41BBD138-063B-4A61-8EF6-5B8A0FBC252A}.Release|x64.Build.0 = Release|x64
		{41BBD138-063B-4A61-8EF6-5B8A0FBC252A}.Release|x86.ActiveCfg = Release|Win32
		{41BBD138-063B-4A61-8EF6-5B8A0FBC252A}.Release|x86.Build.0 = Release|Win32
		{767BCF82-0F31-4303-9A3D-DCA16B1C292B}.Debug|x64.ActiveCfg = Debug|x64
		{767BCF82-0F31-4303-9A3D-DCA16B1C292B}.Debug|x64.Build.0 = Debug|x64
		{767BCF82-0F31-4303-9A3D-DCA16B1C292B}.Debug|x86.ActiveCfg = Debug|Win32
		{767BCF82-0F31-4303-9A3D-DCA16B1C292B}.Debug|x86.Build.0 = Debug|Win32
		{767BCF82-0F31-4303-9A3D-DCA16B1C292B}.Release|x64.ActiveCfg = Release|x64
		{767BCF82-0F31-4303-9A3D-DCA16B1C292B}.Release|x64.Build.0 = Release|x64
		{767BCF82-0F31-4303-9A3D-DCA16B1C292B}.Release|x86.ActiveCfg = Release|Win32
		{767BCF82-0F31-4303-9A3D-DCA16B1C292B}.Release|x86.Build.0 = Release|Win32
		{DD0090C5-27C7-4310-97D2-DBAA1BEDA0E1}.Debug|x64.ActiveCfg = Debug|x64
		{DD0090C5-27C7-4310-97D2-DBAA1BEDA0E1}.Debug|x64.Build.0 = Debug|x64
		{DD0090C5-27C7-4310-97D2-DBAA1BEDA0E1}.Debug|x86.ActiveCfg = Debug|Win32
		{DD0090C5-27C7-4310-97D2-DBAA1BEDA0E1}.Debug|x86.Build.0 = Debug|Win32
		{DD0090C5-27C7-4310-97D2-DBAA1BEDA0E1}.Release|x64.ActiveCfg = Release|x64
		{DD0090C5-27C7-4310-97D2-DBAA1BEDA0E1}.Release|x64.Build.0 = Release|x64
		{DD0090C5-27C7-4310-97D2-DBAA1BEDA0E1}.Release|x86.ActiveCfg = Release|Win32
		{DD0090C5-27C7-4310-97D2-DBAA1BEDA0E1}.Release|x86.Build.0 = Release|Win32
		{956C6D03-1DB4-479C-B5E6-A08A5DC0BE60}.Debug|x64.ActiveCfg = Debug|x64
		{956C6D03-1DB4-479C-B5E6-A08A5DC0BE60}.Debug|x64.Build.0 = Debug|x64
		{956C6D03-1DB4-479C-B5E6-A08A5DC0BE60}.Debug|x86.ActiveCfg = Debug|Win32
		{956C6D03-1DB4-479C-B5E6-A08A5DC0BE60}.Debug|x86.Build.0 = Debug|Win32
		{956C6D03-1DB4-479C-B5E6-A08A5DC0BE60}.Release|x64.ActiveCfg = Release|x64
		{956C6D03-1DB4-479C-B5E6-A08A5DC0BE60}.Release|x64.Build.0 = Release|x64
		{956C6D03-1DB4-479C-B5E6-A08A5DC0BE60}.Release|x86.ActiveCfg = Release|Win32
		{956C6D03-1DB4-479C-B5E6-A08A5DC0BE60}.Release|x86.Build.0 = Release|Win32
		{0853543B-9C9E-4F55-929C-4922E9E998C7}.Debug|x64.ActiveCfg = Debug|x64
		{0853543B-9C9E-4F55-929C-4922E9E998C7}.Debug|x64.Build.0 = Debug|x64
		{0853543B-9C9E-4F55-929C-4922E9E998C7}.Debug|x86.ActiveCfg = Debug|Win32
		{0853543B-9C9E-4F55-929C-4922E9E998C7}.Debug|x86.Build.0 = Debug|Win32
		{0853543B-9C9E-4F55-929C-4922E9E998C7}.Release|x64.ActiveCfg = Release|x64
		{0853543B-9C9E-4F55-929C-4922E9E998C7}.Release|x64.Build.0 = Release|x64
		{0853543B-9C9E-4F55-929C-4922E9E998C7}.Release|x86.ActiveCfg = Release|Win32
		{0853543B-9C9E-4F55-929C-4922E9E998C7}.Release|x86.Build.0 = Release|Win32
		{16F9DF68-9972-4064-84AA-AD731FA91DD6}.Debug|x64.ActiveCfg = Debug|x64
		{16F9DF68-9972-4064-84AA-AD731FA91DD6}.Debug|x64.Build.0 = Debug|x64
		{16F9DF68-9972-4064-84AA-AD731FA91DD6}.Debug|x86.ActiveCfg = Debug|Win32
		{16F9DF68-9972-4064-84AA-AD731FA91DD6}.Debug|x86.Build.0 = Debug|Win32
		{16F9DF68-9972-4064-84AA-AD731FA91DD6}.Release|x64.ActiveCfg = Release|x64
		{16F9DF68-9972-4064-84AA-AD731FA91DD6}.Release|x64.Build.0 = Release|x64
		{16F9DF68-9972-4064-84AA-AD731FA91DD6}.Release|x86.ActiveCfg = Release|Win32
		{16F9DF68-9972-4064-84AA-AD731FA91DD6}.Release|x86.Build.0 = Release|Win32
		{8D5E915C-950B-4A8F-B062-C61B9B1AD540}.Debug|x64.ActiveCfg = Debug|x64
		{8D5E915C-950B-4A8F-B062-C61B9B1AD540}.Debug|x64.Build.0 = Debug|x64
		{8D5E915C-950B-4A8F-B062-C61B9B1AD540}.Debug|x86.ActiveCfg = Debug|Win32
		{8D5E915C-950B-4A8F-B062-C61B9B1AD540}.Debug|x86.Build.0 = Debug|Win32
		{8D5E915C-950B-4A8F-B062-C61B9B1AD540}.Release|x64.ActiveCfg = Release|x64
		{8D5E915C-950B-4A8F-B062-C61B9B1AD540}.Release|x64.Build.0 = Release|x64
		{8D5E915C-950B-4A8F-B062-C61B9B1AD540}.Release|x86.ActiveCfg = Release|Win32
		{8D5E915C-950B-4A8F-B062-C61B9B1AD540}.Release|x86.Build.0 = Release|Win32
		{D289DE4F-5B44-433A-B424-F408E14EF992}.Debug|x64.ActiveCfg = Debug|x64
		{D289DE4F-5B44-433A-B424-F408E14EF992}.Debug|x64.Build.0 = Debug|x64
		{D289DE4F-5B44-433A-B424-F408E14EF992}.Debug|x86.ActiveCfg = Debug|Win32
		{D289DE4F-5B44-433A-B424-F408E14EF992}.Debug|x86.Build.0 = Debug|Win32
		{D289DE4F-5B44-433A-B424-F408E14EF992}.Release|x64.ActiveCfg = Release|x64
		{D289DE4F-5B44-433A-B424-F408E14EF992}.Release|x64.Build.0 = Release|x64
		{D289DE4F-5B44-433A-B424-F408E14EF992}.Release|x86.ActiveCfg = Release|Win32
		{D289DE4F-5B44-433A-B424-F408E14EF992}.Release|x86.Build.0 = Release|Win32
		{B9C0C2E1-A8C3-491F-8259-A169346E77A5}.Debug|x64.ActiveCfg = Debug|x64
		{B9C0C2E1-A8C3-491F-8259-A169346E77A5}.Debug|x64.Build.0 = Debug|x64
		{B9C0C2E1-A8C3-491F-8259-A169346E77A5}.Debug|x86.ActiveCfg = Debug|Win32
		{B9C0C2E1-A8C3-491F-8259-A169346E77A5}.Debug|x86.Build.0 = Debug|Win32
		{B9C0C2E1-A8C3-491F-8259-A169346E77A5}.Release|x64.ActiveCfg = Release|x64
		{B9C0C2E1-A8C3-491F-8259-A169346E77A5}.Release|x64.Build.0 = Release|x64
		{B9C0C2E1-A8C3-491F-8259-A169346E77A5}.Release|x86.ActiveCfg = Release|Win32
		{B9C0C2E1-A8C3-491F-8259-A169346E77A5}.Release|x86.Build.0 = Release|Win32
		{FB9BE7A7-C56E-4242-8569-56DE993CB458}.Debug|x64.ActiveCfg = Debug|x64
		{FB9BE7A7-C56E-4242-8569-56DE993CB458}.Debug|x64.Build.0 = Debug|x64
		{FB9BE7A7-C56E-4242-8569-56DE993CB458}.Debug|x86.ActiveCfg = Debug|Win32
		{FB9BE7A7-C56E-4242-8569-56DE993CB458}.Debug|x86.Build.0 = Debug|Win32
		{FB9BE7A7-C56E-4242-8569-56DE993CB458}.Release|x64.ActiveCfg = Release|x64
		{FB9BE7A7-C56E-4242-8569-56DE993CB458}.Release|x64.Build.0 = Release|x64
		{FB9BE7A7-C56E-4242-8569-56DE993CB458}.Release|x86.ActiveCfg = Release|Win32
		{FB9BE7A7-C56E-4242-8569-56DE993CB458}.Release|x86.Build.0 = Release|Win32
		{83B638C0-7534-432D-BB6A-0063A8434ADE}.Debug|x64.ActiveCfg = Debug|x64
		{83B638C0-7534-432D-BB6A-0063A8434ADE}.Debug|x64.Build.0 = Debug|x64
		{83B638C0-7534-432D-BB6A-0063A8434ADE}.Debug|x86.ActiveCfg = Debug|Win32
		{83B638C0-7534-432D-BB6A-0063A8434ADE}.Debug|x86.Build.0 = Debug|Win32
		{83B638C0-7534-432D-BB6A-0063A8434ADE}.Release|x64.ActiveCfg = Release|x64
		{83B638C0-7534-432D-BB6A-0063A8434ADE}.Release|x64.Build.0 = Release|x64
		{83B638C0-7534-432D-BB6A-0063A8434ADE}.Release|x86.ActiveCfg = Release|Win32
		{83B638C0-7534-432D-BB6A-0063A8434ADE}.Release|x86.Build.0 = Release|Win32
		{DB87BF27-37AE-46F4-AEA5-C2B9A507B220}.Debug|x64.ActiveCfg = Debug|x64
		{DB87BF27-37AE-46F4-AEA5-C2B9A507B220}.Debug|x64.Build.0 = Debug|x64
		{DB87BF27-37AE-46F4-AEA5-C2B9A507B220}.Debug|x86.ActiveCfg = Debug|Win32
		{DB87BF27-37AE-46F4-AEA5-C2B9A507B220}.Debug|x86.Build.0 = Debug|Win32
		{DB87BF27-37AE-46F4-AEA5-C2B9A507B220}.Release|x64.ActiveCfg = Release|x64
		{DB87BF27-37AE-46F4-AEA5-C2B9A507B220}.Release|x64.Build.0 = Release|x64
		{DB87BF27-37AE-46F4-AEA5-C2B9A507B220}.Release|x86.ActiveCfg = Release|Win32
		{DB87BF27-37AE-46F4-AEA5-C2B9A507B220}.Release|x86.Build.0 = Release|Win32
		{D4B2DD63-CFA9-4B1A-ADEC-654F2F0E11AF}.Debug|x64.ActiveCfg = Debug|x64
		{D4B2DD63-CFA9-4B1A-ADEC-654F2F0E11AF}.Debug|x64.Build.0 = Debug|x64
		{D4B2DD63-CFA9-4B1A-ADEC-654F2F0E11AF}.Debug|x86.ActiveCfg = Debug|Win32
		{D4B2DD63-CFA9-4B1A-ADEC-654F2F0E11AF}.Debug|x86.Build.0 = Debug|Win32
		{D4B2DD63-CFA9-4B1A-ADEC-654F2F0E11AF}.Release|x64.ActiveCfg = Release|x64
		{D4B2DD63-CFA9-4B1A-ADEC-654F2F0E11AF}.Release|x64.Build.0 = Release|x64
		{D4B2DD63-CFA9-4B1A-ADEC-654F2F0E11AF}.Release|x86.ActiveCfg = Release|Win32
		{D4B2DD63-CFA9-4B1A-ADEC-654F2F0E11AF}.Release|x86.Build.0 = Release|Win32
		{03AACDA9-34C1-4990-8728-886A2230E9B2}.Debug|x64.ActiveCfg = Debug|x64
		{03AACDA9-34C1-4990-8728-886A2230E9B2}.Debug|x64.Build.0 = Debug|x64
		{03AACDA9-34C1-4990-8728-886A2230E9B2}.Debug|x86.ActiveCfg = Debug|Win32
		{03AACDA9-34C1-4990-8728-886A2230E9B2}.Debug|x86.Build.0 = Debug|Win32
		{03AACDA9-34C1-4990-8728-886A2230E9B2}.Release|x64.ActiveCfg = Release|x64
		{03AACDA9-34C1-4990-8728-886A2230E9B2}.Release|x64.Build.0 = Release|x64
		{03AACDA9-34C1-4990-8728-886A2230E9B2}.Release|x86.ActiveCfg = Release|Win32
		{03AACDA9-34C1-4990-8728-886A2230E9B2}.Release|x86.Build.0 = Release|Win32
		{4C872182-952B-4F07-A636-3F9E27E50D93}.Debug|x64.ActiveCfg = Debug|x64
		{4C872182-952B-4F07-A636-3F9E27E50D93}.Debug|x64.Build.0 = Debug|x64
		{4C872182-952B-4F07-A636-3F9E27E50D93}.Debug|x86.ActiveCfg = Debug|Win32
		{4C872182-952B-4F07-A636-3F9E27E50D93}.Debug|x86.Build.0 = Debug|Win32
		{4C872182-952B-4F07-A636-3F9E27E50D93}.Release|x64.ActiveCfg = Release|x64
		{4C872182-952B-4F07-A636-3F9E27E50D93}.Release|x64.Build.0 = Release|x64
		{4C872182-952B-4F07-A636-3F9E27E50D93}.Release|x86.ActiveCfg = Release|Win32
		{4C872182-952B-4F07-A636-3F9E27E50D93}.Release|x86.Build.0 = Release|Win32
		{5164F40F-0975-4BDD-91B5-14A0F14A5B6E}.Debug|x64.ActiveCfg = Debug|x64
		{5164F40F-0975-4BDD-91B5-14A0F14A5B6E}.Debug|x64.Build.0 = Debug|x64
		{5164F40F-0975-4BDD-91B5-14A0F14A5B6E}.Debug|x86.ActiveCfg = Debug|Win32
		{5164F40F-0975-4BDD-91B5-14A0F14A5B6E}.Debug|x86.Build.0 = Debug|Win32
		{5164F40F-0975-4BDD-91B5-14A0F14A5B6E}.Release|x64.ActiveCfg = Release|x64
		{5164F40F-0975-4BDD-91B5-14A0F14A5B6E}.Release|x64.Build.0 = Release|x64
		{5164F40F-0975-4BDD-91B5-14A0F14A5B6E}.Release|x86.ActiveCfg = Release|Win32
		{5164F40F-0975-4BDD-91B5-14A0F14A5B6E}.Release|x86.Build.0 = Release|Win32
		{DCDF6E58-E60A-403B-98B6-D6BBE02373E5}.Debug|x64.ActiveCfg = Debug|x64
		{DCDF6E58-E60A-403B-98B6-D6BBE02373E5}.Debug|x64.Build.0 = Debug|x64
		{DCDF6E58-E60A-403B-98B6-D6BBE02373E5}.Debug|x86.ActiveCfg = Debug|Win32
		{DCDF6E58-E60A-403B-98B6-D6BBE02373E5}.Debug|x86.Build.0 = Debug|Win32
		{DCDF6E58-E60A-403B-98B6-D6BBE02373E5}.Release|x64.ActiveCfg = Release|x64
		{DCDF6E58-E60A-403B-98B6-D6BBE02373E5}.Release|x64.Build.0 = Release|x64
		{DCDF6E58-E60A-403B-98B6-D6BBE02373E5}.Release|x86.ActiveCfg = Release|Win32
		{DCDF6E58-E60A-403B-98B6-D6BBE02373E5}.Release|x86.Build.0 = Release|Win32
		{77F7AA07-B3AF-4CAD-907F-D004BE5DEF49}.Debug|x64.ActiveCfg = Debug|x64
		{77F7AA07-B3AF-4CAD-907F-D004BE5DEF49}.Debug|x64.Build.0 = Debug|x64
		{77F7AA07-B3AF-4CAD-907F-D004BE5DEF49}.Debug|x86.ActiveCfg = Debug|Win32
		{77F7AA07-B3AF-4CAD-907F-D004BE5DEF49}.Debug|x86.Build.0 = Debug|Win32
		{77F7AA07-B3AF-4CAD-907F-D004BE5DEF49}.Release|x64.ActiveCfg = Release|x64
		{77F7AA07-B3AF-4CAD-907F-D004BE5DEF49}.Release|x64.Build.0 = Release|x64
		{77F7AA07-B3AF-4CAD-907F-D004BE5DEF49}.Release|x86.ActiveCfg = Release|Win32
		{77F7AA07-B3AF-4CAD-907F-D004BE5DEF49}.Release|x86.Build.0 = Release|Win32
		{8C2AF844-4EE5-4D9B-BCA7-F866C2BA8DF5}.Debug|x64.ActiveCfg = Debug|x64
		{8C2AF844-4EE5-4D9B-BCA7-F866C2BA8DF5}.Debug|x64.Build.0 = Debug|x64
		{8C2AF844-4EE5-4D9B-BCA7-F866C2BA8DF5}.Debug|x86.ActiveCfg = Debug|Win32
		{8C2AF844-4EE5-4D9B-BCA7-F866C2BA8DF5}.Debug|x86.Build.0 = Debug|Win32
		{8C2AF844-4EE5-4D9B-BCA7-F866C2BA8DF5}.Release|x64.ActiveCfg = Release|x64
		{8C2AF844-4EE5-4D9B-BCA7-F866C2BA8DF5}.Release|x64.Build.0 = Release|x64
		{8C2AF844-4EE5-4D9B-BCA7-F866C2BA8DF5}.Release|x86.ActiveCfg = Release|Win32
		{8C2AF844-4EE5-4D9B-BCA7-F866C2BA8DF5}.Release|x86.Build.0 = Release|Win32
		{53EE606A-F152-4834-B6CD-4A44C7CFB82E}.Debug|x64.ActiveCfg = Debug|x64
		{53EE606A-F152-4834-B6CD-4A44C7CFB82E}.Debug|x64.Build.0 = Debug|x64
		{53EE606A-F152-4834-B6CD-4A44C7CFB82E}.Debug|x86.ActiveCfg = Debug|Win32
		{53EE606A-F152-4834-B6CD-4A44C7CFB82E}.Debug|x86.Build.0 = Debug|Win32
		{53EE606A-F152-4834-B6CD-4A44C7CFB82E}.Release|x64.ActiveCfg = Release|x64
		{53EE606A-F152-4834-B6CD-4A44C7CFB82E}.Release|x64.Build.0 = Release|x64
		{53EE606A-F152-4834-B6CD-4A44C7CFB82E}.Release|x86.ActiveCfg = Release|Win32
		{53EE606A-F152-4834-B6CD-4A44C7CFB82E}.Release|x86.Build.0 = Release|Win32
		{E7A23CA6-83E0-4811-A623-C5CF27851FCF}.Debug|x64.ActiveCfg = Debug|x64
		{E7A23CA6-83E0-4811-A623-C5CF27851FCF}.Debug|x64.Build.0 = Debug|x64
		{E7A23CA6-83E0-4811-A623-C5CF27851FCF}.Debug|x86.ActiveCfg = Debug|Win32
		{E7A23CA6-83E0-4811-A623-C5CF27851FCF}.Debug|x86.Build.0 = Debug|Win32
		{E7A23CA6-83E0-4811-A623-C5CF27851FCF}.Release|x64.ActiveCfg = Release|x64
		{E7A23CA6-83E0-4811-A623-C5CF27851FCF}.Release|x64.Build.0 = Release|x64
		{E7A23CA6-83E0-4811-A623-C5CF27851FCF}.Release|x86.ActiveCfg = Release|Win32
		{E7A23CA6-83E0-4811-A623-C5CF27851FCF}.Release|x86.Build.0 = Release|Win32
		{D1864C3B-52B0-4000-9FF3-EE18215AF0CD}.Debug|x64.ActiveCfg = Debug|x64
		{D1864C3B-52B0-4000-9FF3-EE18215AF0CD}.Debug|x64.Build.0 = Debug|x64
		{D1864C3B-52B0-4000-9FF3-EE18215AF0CD}.Debug|x86.ActiveCfg = Debug|Win32
		{D1864C3B-52B0-4000-9FF3-EE18215AF0CD}.Debug|x86.Build.0 = Debug|Win32
		{D1864C3B-52B0-4000-9FF3-EE18215AF0CD}.Release|x64.ActiveCfg = Release|x64
		{D1864C3B-52B0-4000-9FF3-EE18215AF0CD}.Release|x64.Build.0 = Release|x64
		{D1864C3B-52B0-4000-9FF3-EE18215AF0CD}.Release|x86.ActiveCfg = Release|Win32
		{D1864C3B-52B0-4000-9FF3-EE18215AF0CD}.Release|x86.Build.0 = Release|Win32
		{857A9D13-F93F-445F-B6B4-9CA503BAC2E7}.Debug|x64.ActiveCfg = Debug|x64
		{857A9D13-F93F-445F-B6B4-9CA503BAC2E7}.Debug|x64.Build.0 = Debug|x64
		{857A9D13-F93F-445F-B6B4-9CA503BAC2E7}.Debug|x86.ActiveCfg = Debug|Win32
		{857A9D13-F93F-445F-B6B4-9CA503BAC2E7}.Debug|x86.Build.0 = Debug|Win32
		{857A9D13-F93F-445F-B6B4-9CA503BAC2E7}.Release|x64.ActiveCfg = Release|x64
		{857A9D13-F93F-445F-B6B4-9CA503BAC2E7}.Release|x64.Build.0 = Release|x64
		{857A9D13-F93F-445F-B6B4-9CA503BAC2E7}.Release|x86.ActiveCfg = Release|Win32
		{857A9D13-F93F-445F-B6B4-9CA503BAC2E7}.Release|x86.Build.0 = Release|Win32
		{154C77F8-7FFD-4138-B229-59FC81888492}.Debug|x64.ActiveCfg = Debug|x64
		{154C77F8-7FFD-4138-B229-59FC81888492}.Debug|x64.Build.0 = Debug|x64
		{154C77F8-7FFD-4138-B229-59FC81888492}.Debug|x86.ActiveCfg = Debug|Win32
		{154C77F8-7FFD-4138-B229-59FC81888492}.Debug|x86.Build.0 = Debug|Win32
		{154C77F8-7FFD-4138-B229-59FC81888492}.Release|x64.ActiveCfg = Release|x64
		{154C77F8-7FFD-4138-B229-59FC81888492}.Release|x64.Build.0 = Release|x64
		{154C77F8-7FFD-4138-B229-59FC81888492}.Release|x86.ActiveCfg = Release|Win32
		{154C77F8-7FFD-4138-B229-59FC81888492}.Release|x86.Build.0 = Release|Win32
		{E31678C1-42F6-4945-9A91-7924C2602EEF}.Debug|x64.ActiveCfg = Debug|x64
		{E31678C1-42F6-4945-9A91-7924C2602EEF}.Debug|x64.Build.0 = Debug|x64
		{E31678C1-42F6-4945-9A91-7924C2602EEF}.Debug|x86.ActiveCfg = Debug|Win32
		{E31678C1-42F6-4945-9A91-7924C2602EEF}.Debug|x86.Build.0 = Debug|Win32
		{E31678C1-42F6-4945-9A91-7924C2602EEF}.Release|x64.ActiveCfg = Release|x64
		{E31678C1-42F6-4945-9A91-7924C2602EEF}.Release|x64.Build.0 = Release|x64
		{E31678C1-42F6-4945-9A91-7924C2602EEF}.Release|x86.ActiveCfg = Release|Win32
		{E31678C1-42F6-4945-9A91-7924C2602EEF}.Release|x86.Build.0 = Release|Win32
		{D7C90F42-CD3C-4A79-A7BE-8D4D81C58F68}.Debug|x64.ActiveCfg = Debug|x64
		{D7C90F42-CD3C-4A79-A7BE-8D4D81C58F68}.Debug|x64.Build.0 = Debug|x64
		{D7C90F42-CD3C-4A79-A7BE-8D4D81C58F68}.Debug|x86.ActiveCfg = Debug|Win32
		{D7C90F42-CD3C-4A79-A7BE-8D4D81C58F68}.Debug|x86.Build.0 = Debug|Win32
		{D7C90F42-CD3C-4A79-A7BE-8D4D81C58F68}.Release|x64.ActiveCfg = Release|x64
		{D7C90F42-CD3C-4A79-A7BE-8D4D81C58F68}.Release|x64.Build.0 = Release|x64
		{D7C90F42-CD3C-4A79-A7BE-8D4D81C58F68}.Release|x86.ActiveCfg = Release|Win32
		{D7C90F42-CD3C-4A79-A7BE-8D4D81C58F68}.Release|x86.Build.0 = Release|Win32
		{D061A91F-C839-4657-ACE2-D6EF8FA16DE6}.Debug|x64.ActiveCfg = Debug|x64
		{D061A91F-C839-4657-ACE2-D6EF8FA16DE6}.Debug|x64.Build.0 = Debug|x64
		{D061A91F-C839-4657-ACE2-D6EF8FA16DE6}.Debug|x86.ActiveCfg = Debug|Win32
		{D061A91F-C839-4657-ACE2-D6EF8FA16DE6}.Debug|x86.Build.0 = Debug|Win32
		{D061A91F-C839-4657-ACE2-D6EF8FA16DE6}.Release|x64.ActiveCfg = Release|x64
		{D061A91F-C839-4657-ACE2-D6EF8FA16DE6}.Release|x64.Build.0 = Release|x64
		{D061A91F-C839-4657-ACE2-D6EF8FA16DE6}.Release|x86.ActiveCfg = Release|Win32
		{D061A91F-C839-4657-ACE2-D6EF8FA16DE6}.Release|x86.Build.0 = Release|Win32
		{91A36A62-105D-4CBE-8C19-733C122A52E9}.Debug|x64.ActiveCfg = Debug|x64
		{91A36A62-105D-4CBE-8C19-733C122A52E9}.Debug|x64.Build.0 = Debug|x64
		{91A36A62-105D-4CBE-8C19-733C122A52E9}.Debug|x86.ActiveCfg = Debug|Win32
		{91A36A62-105D-4CBE-8C19-733C122A52E9}.Debug|x86.Build.0 = Debug|Win32
		{91A36A62-105D-4CBE-8C19-733C122A52E9}.Release|x64.ActiveCfg = Release|x64
		{91A36A62-105D-4CBE-8C19-733C122A52E9}.Release|x64.Build.0 = Release|x64
		{91A36A62-105D-4CBE-8C19-733C122A52E9}.Release|x86.ActiveCfg = Release|Win32
		{91A36A62-105D-4CBE-8C19-733C122A52E9}.Release|x86.Build.0 = Release|Win32
		{886DBE76-B4C6-40A2-85A3-5AC73701421E}.Debug|x64.ActiveCfg = Debug|x64
		{886DBE76-B4C6-40A2-85A3-5AC73701421E}.Debug|x64.Build.0 = Debug|x64
		{886DBE76-B4C6-40A2-85A3-5AC73701421E}.Debug|x86.ActiveCfg = Debug|Win32
		{886DBE76-B4C6-40A2-85A3-5AC73701421E}.Debug|x86.Build.0 = Debug|Win32
		{886DBE76-B4C6-40A2-85A3-5AC73701421E}.Release|x64.ActiveCfg = Release|x64
		{886DBE76-B4C6-40A2-85A3-5AC73701421E}.Release|x64.Build.0 = Release|x64
		{886DBE76-B4C6-40A2-85A3-5AC73701421E}.Release|x86.ActiveCfg = Release|Win32
		{886DBE76-B4C6-40A2-85A3-5AC73701421E}.Release|x86.Build.0 = Release|Win32
		{1192EE23-4F56-484E-90D0-7C4CBD91CD75}.Debug|x64.ActiveCfg = Debug|x64
		{1192EE23-4F56-484E-90D0-7C4CBD91CD75}.Debug|x64.Build.0 = Debug|x64
		{1192EE23-4F56-484E-90D0-7C4CBD91CD75}.Debug|x86.ActiveCfg = Debug|Win32
		{1192EE23-4F56-484E-90D0-7C4CBD91CD75}.Debug|x86.Build.0 = Debug|Win32
		{1192EE23-4F56-484E-90D0-7C4CBD91CD75}.Release|x64.ActiveCfg = Release|x64
		{1192EE23-4F56-484E-90D0-7C4CBD91CD75}.Release|x64.Build.0 = Release|x64
		{1192EE23-4F56-484E-90D0-7C4CBD91CD75}.Release|x86.ActiveCfg = Release|Win32
		{1192EE23-4F56-484E-90D0-7C4CBD91CD75}.Release|x86.Build.0 = Release|Win32
		{780ABED9-2FE1-4E8F-B38F-A8BB300906C3}.Debug|x64.ActiveCfg = Debug|x64
		{780ABED9-2FE1-4E8F-B38F-A8BB300906C3}.Debug|x64.Build.0 = Debug|x64
		{780ABED9-2FE1-4E8F-B38F-A8BB300906C3}.Debug|x86.ActiveCfg = Debug|Win32
		{780ABED9-2FE1-4E8F-B38F-A8BB300906C3}.Debug|x86.Build.0 = Debug|Win32
		{780ABED9-2FE1-4E8F-B38F-A8BB300906C3}.Release|x64.ActiveCfg = Release|x64
		{780ABED9-2FE1-4E8F-B38F-A8BB300906C3}.Release|x64.Build.0 = Release|x64
		{780ABED9-2FE1-4E8F-B38F-A8BB300906C3}.Release|x86.ActiveCfg = Release|Win32
		{780ABED9-2FE1-4E8F-B38F-A8BB300906C3}.Release|x86.Build.0 = Release|Win32
		{38CB8BB7-30B8-4D62-8497-CFB6A997FAE9}.Debug|x64.ActiveCfg = Debug|x64
		{38CB8BB7-30B8-4D62-8497-CFB6A997FAE9}.Debug|x64.Build.0 = Debug|x64
		{38CB8BB7-30B8-4D62-8497-CFB6A997FAE9}.Debug|x86.ActiveCfg = Debug|Win32
		{38CB8BB7-30B8-4D62-8497-CFB6A997FAE9}.Debug|x86.Build.0 = Debug|Win32
		{38CB8BB7-30B8-4D62-8497-CFB6A997FAE9}.Release|x64.ActiveCfg = Release|x64
		{38CB8BB7-30B8-4D62-8497-CFB6A997FAE9}.Release|x64.Build.0 = Release|x64
		{38CB8BB7-30B8-4D62-8497-CFB6A997FAE9}.Release|x86.ActiveCfg = Release|Win32
		{38CB8BB7-30B8-4D62-8497-CFB6A997FAE9}.Release|x86.Build.0 = Release|Win32
		{7EC35395-E702-4673-BCE9-E2F07E600AA5}.Debug|x64.ActiveCfg = Debug|x64
		{7EC35395-E702-4673-BCE9-E2F07E600AA5}.Debug|x64.Build.0 = Debug|x64
		{7EC35395-E702-4673-BCE9-E2F07E600AA5}.Debug|x86.ActiveCfg = Debug|Win32
		{7EC35395-E702-4673-BCE9-E2F07E600AA5}.Debug|x86.Build.0 = Debug|Win32
		{7EC35395-E702-4673-BCE9-E2F07E600AA5}.Release|x64.ActiveCfg = Release|x64
		{7EC35395-E702-4673-BCE9-E2F07E600AA5}.Release|x64.Build.0 = Release|x64
		{7EC35395-E702-4673-BCE9-E2F07E600AA5}.Release|x86.ActiveCfg = Release|Win32
		{7EC35395-E702-4673-BCE9-E2F07E600AA5}.Release|x86.Build.0 = Release|Win32
		{EB13634E-D2FB-4ADA-A2E1-7020025E2DDA}.Debug|x64.ActiveCfg = Debug|x64
		{EB13634E-D2FB-4ADA-A2E1-7020025E2DDA}.Debug|x64.Build.0 = Debug|x64
		{EB13634E-D2FB-4ADA-A2E1-7020025E2DDA}.Debug|x86.ActiveCfg = Debug|Win32
		{EB13634E-D2FB-4ADA-A2E1-7020025E2DDA}.Debug|x86.Build.0 = Debug|Win32
		{EB13634E-D2FB-4ADA-A2E1-7020025E2DDA}.Release|x64.ActiveCfg = Release|x64
		{EB13634E-D2FB-4ADA-A2E1-7020025E2DDA}.Release|x64.Build.0 = Release|x64
		{EB13634E-D2FB-4ADA-A2E1-7020025E2DDA}.Release|x86.ActiveCfg = Release|Win32
		{EB13634E-D2FB-4ADA-A2E1-7020025E2DDA}.Release|x86.Build.0 = Release|Win32
		{A54E4BE1-FD6E-45C2-B25F-2F772AFEC730}.Debug|x64.ActiveCfg = Debug|x64
		{A54E4BE1-FD6E-45C2-B25F-2F772AFEC730}.Debug|x64.Build.0 = Debug|x64
		{A54E4BE1-FD6E-45C2-B25F-2F772AFEC730}.Debug|x86.ActiveCfg = Debug|Win32
		{A54E4BE1-FD6E-45C2-B25F-2F772AFEC730}.Debug|x86.Build.0 = Debug|Win32
		{A54E4BE1-FD6E-45C2-B25F-2F772AFEC730}.Release|x64.ActiveCfg = Release|x64
		{A54E4BE1-FD6E-45C2-B25F-2F772AFEC730}.Release|x64.Build.0 = Release|x64
		{A54E4BE1-FD6E-45C2-B25F-2F772AFEC730}.Release|x86.ActiveCfg = Release|Win32
		{A54E4BE1-FD6E-45C2-B25F-2F772AFEC730}.Release|x86.Build.0 = Release|Win32
		{39F504BE-7F13-442A-BE5F-3FE9DABFAF5E}.Debug|x64.ActiveCfg = Debug|x64
		{39F504BE-7F13-442A-BE5F-3FE9DABFAF5E}.Debug|x64.Build.0 = Debug|x64
		{39F504BE-7F13-442A-BE5F-3FE9DABFAF5E}.Debug|x86.ActiveCfg = Debug|Win32
		{39F504BE-7F13-442A-BE5F-3FE9DABFAF5E}.Debug|x86.Build.0 = Debug|Win32
		{39F504BE-7F13-442A-BE5F-3FE9DABFAF5E}.Release|x64.ActiveCfg = Release|x64
		{39F504BE-7F13-442A-BE5F-3FE9DABFAF5E}.Release|x64.Build.0 = Release|x64
		{39F504BE-7F13-442A-BE5F-3FE9DABFAF5E}.Release|x86.ActiveCfg = Release|Win32
		{39F504BE-7F13-442A-BE5F-3FE9DABFAF5E}.Release|x86.Build.0 = Release|Win32
		{DC689EF5-21F7-4516-9B0E-BFDE27927D1E}.Debug|x64.ActiveCfg = Debug|x64
		{DC689EF5-21F7-4516-9B0E-BFDE27927D1E}.Debug|x64.Build.0 = Debug|x64
		{DC689EF5-21F7-4516-9B0E-BFDE27927D1E}.Debug|x86.ActiveCfg = Debug|Win32
		{DC689EF5-21F7-4516-9B0E-BFDE27927D1E}.Debug|x86.Build.0 = Debug|Win32
		{DC689EF5-21F7-4516-9B0E-BFDE27927D1E}.Release|x64.ActiveCfg = Release|x64
		{DC689EF5-21F7-4516-9B0E-BFDE27927D1E}.Release|x64.Build.0 = Release|x64
		{DC689EF5-21F7-4516-9B0E-BFDE27927D1E}.Release|x86.ActiveCfg = Release|Win32
		{DC689EF5-21F7-4516-9B0E-BFDE27927D1E}.Release|x86.Build.0 = Release|Win32
		{C11A15D2-3BEC-4E56-971C-601890718A17}.Debug|x64.ActiveCfg = Debug|x64
		{C11A15D2-3BEC-4E56-971C-601890718A17}.Debug|x64.Build.0 = Debug|x64
		{C11A15D2-3BEC-4E56-971C-601890718A17}.Debug|x86.ActiveCfg = Debug|Win32
		{C11A15D2-3BEC-4E56-971C-601890718A17}.Debug|x86.Build.0 = Debug|Win32
		{C11A15D2-3BEC-4E56-971C-601890718A17}.Release|x64.ActiveCfg = Release|x64
		{C11A15D2-3BEC-4E56-971C-601890718A17}.Release|x64.Build.0 = Release|x64
		{C11A15D2-3BEC-4E56-971C-601890718A17}.Release|x86.ActiveCfg = Release|Win32
		{C11A15D2-3BEC-4E56-971C-601890718A17}.Release|x86.Build.0 = Release|Win32
		{3435EA6A-861B-4D2A-BC79-C9316D365071}.Debug|x64.ActiveCfg = Debug|x64
		{3435EA6A-861B-4D2A-BC79-C9316D365071}.Debug|x64.Build.0 = Debug|x64
		{3435EA6A-861B-4D2A-BC79-C9316D365071}.Debug|x86.ActiveCfg = Debug|Win32
		{3435EA6A-861B-4D2A-BC79-C9316D365071}.Debug|x86.Build.0 = Debug|Win32
		{3435EA6A-861B-4D2A-BC79-C9316D365071}.Release|x64.ActiveCfg = Release|x64
		{3435EA6A-861B-4D2A-BC79-C9316D365071}.Release|x64.Build.0 = Release|x64
		{3435EA6A-861B-4D2A-BC79-C9316D365071}.Release|x86.ActiveCfg = Release|Win32
		{3435EA6A-861B-4D2A-BC79-C9316D365071}.Release|x86.Build.0 = Release|Win32
		{872FFEE8-8E90-4E61-986D-4DB3065F7E1E}.Debug|x64.ActiveCfg = Debug|x64
		{872FFEE8-8E90-4E61-986D-4DB3065F7E1E}.Debug|x64.Build.0 = Debug|x64
		{872FFEE8-8E90-4E61-986D-4DB3065F7E1E}.Debug|x86.ActiveCfg = Debug|Win32
		{872FFEE8-8E90-4E61-986D-4DB3065F7E1E}.Debug|x86.Build.0 = Debug|Win32
		{872FFEE8-8E90-4E61-986D-4DB3065F7E1E}.Release|x64.ActiveCfg = Release|x64
		{872FFEE8-8E90-4E61-986D-4DB3065F7E1E}.Release|x64.Build.0 = Release|x64
		{872FFEE8-8E90-4E61-986D-4DB3065F7E1E}.Release|x86.ActiveCfg = Release|Win32
		{872FFEE8-8E90-4E61-986D-4DB3065F7E1E}.Release|x86.Build.0 = Release|Win32
		{3BC53615-0B23-4C11-88D9-B9F457DADDA3}.Debug|x64.ActiveCfg = Debug|x64
		{3BC53615-0B23-4C11-88D9-B9F457DADDA3}.Debug|x64.Build.0 = Debug|x64
		{3BC53615-0B23-4C11-88D9-B9F457DADDA3}.Debug|x86.ActiveCfg = Debug|Win32
		{3BC53615-0B23-4C11-88D9-B9F457DADDA3}.Debug|x86.Build.0 = Debug|Win32
		{3BC53615-0B23-4C11-88D9-B9F457DADDA3}.Release|x64.ActiveCfg = Release|x64
		{3BC53615-0B23-4C11-88D9-B9F457DADDA3}.Release|x64.Build.0 = Release|x64
		{3BC53615-0B23-4C11-88D9-B9F457DADDA3}.Release|x86.ActiveCfg = Release|Win32
		{3BC53615-0B23-4C11-88D9-B9F457DADDA3}.Release|x86.Build.0 = Release|Win32
		{6D2A95A4-AAD9-411D-BB86-3F251A64E4BC}.Debug|x64.ActiveCfg = Debug|x64
		{6D2A95A4-AAD9-411D-BB86-3F251A64E4BC}.Debug|x64.Build.0 = Debug|x64
		{6D2A95A4-AAD9-411D-BB86-3F251A64E4BC}.Debug|x86.ActiveCfg = Debug|Win32
		{6D2A95A4-AAD9-411D-BB86-3F251A64E4BC}.Debug|x86.Build.0 = Debug|Win32
		{6D2A95A4-AAD9-411D-BB86-3F251A64E4BC}.Release|x64.ActiveCfg = Release|x64
		{6D2A95A4-AAD9-411D-BB86-3F251A64E4BC}.Release|x64.Build.0 = Release|x64
		{6D2A95A4-AAD9-411D-BB86-3F251A64E4BC}.Release|x86.ActiveCfg = Release|Win32
		{6D2A95A4-AAD9-411D-BB86-3F251A64E4BC}.Release|x86.Build.0 = Release|Win32
		{415FBEE2-60D4-40DF-87D4-EA54487C2D28}.Debug|x64.ActiveCfg = Debug|x64
		{415FBEE2-60D4-40DF-87D4-EA54487C2D28}.Debug|x64.Build.0 = Debug|x64
		{415FBEE2-60D4-40DF-87D4-EA54487C2D28}.Debug|x86.ActiveCfg = Debug|Win32
		{415FBEE2-60D4-40DF-87D4-EA54487C2D28}.Debug|x86.Build.0 = Debug|Win32
		{415FBEE2-60D4-40DF-87D4-EA54487C2D28}.Release|x64.ActiveCfg = Release|x64
		{415FBEE2-60D4-40DF-87D4-EA54487C2D28}.Release|x64.Build.0 = Release|x64
		{415FBEE2-60D4-40DF-87D4-EA54487C2D28}.Release|x86.ActiveCfg = Release|Win32
		{415FBEE2-60D4-40DF-87D4-EA54487C2D28}.Release|x86.Build.0 = Release|Win32
	EndGlobalSection
	GlobalSection(SolutionProperties) = preSolution
		HideSolutionNode = FALSE
	EndGlobalSection
	GlobalSection(ExtensibilityGlobals) = postSolution
		SolutionGuid = {E62350D3-1998-4D40-BD1B-6448F0BB0656}
	EndGlobalSection
EndGlobal
